{
    "_readme": [
        "This file locks the dependencies of your project to a known state",
        "Read more about it at https://getcomposer.org/doc/01-basic-usage.md#installing-dependencies",
        "This file is @generated automatically"
    ],
    "content-hash": "1007b8047161ae063ce609472ebc74e7",
    "packages": [
        {
            "name": "berlindb/core",
            "version": "2.0.2",
            "source": {
                "type": "git",
                "url": "https://github.com/berlindb/core.git",
                "reference": "6a9383ab2dad726bf2d6dbda6687da848eda22ea"
            },
            "dist": {
                "type": "zip",
                "url": "https://api.github.com/repos/berlindb/core/zipball/6a9383ab2dad726bf2d6dbda6687da848eda22ea",
                "reference": "6a9383ab2dad726bf2d6dbda6687da848eda22ea",
                "shasum": ""
            },
            "type": "library",
            "autoload": {
                "psr-4": {
                    "BerlinDB\\": "src/"
                }
            },
            "notification-url": "https://packagist.org/downloads/",
            "license": [
                "MIT"
            ],
            "description": "A collection of PHP classes and functions that aims to provide an ORM-like experience and interface to WordPress database tables.",
            "support": {
                "issues": "https://github.com/berlindb/core/issues",
                "source": "https://github.com/berlindb/core/tree/2.0.2"
            },
            "time": "2025-10-23T20:00:35+00:00"
        },
        {
            "name": "duckdev/wp-cache-helper",
            "version": "v1.0.0",
            "source": {
                "type": "git",
                "url": "https://github.com/duckdev/wp-cache-helper.git",
                "reference": "70093a4064924e8722b3702ae9c7224d54308340"
            },
            "dist": {
                "type": "zip",
                "url": "https://api.github.com/repos/duckdev/wp-cache-helper/zipball/70093a4064924e8722b3702ae9c7224d54308340",
                "reference": "70093a4064924e8722b3702ae9c7224d54308340",
                "shasum": ""
            },
            "require": {
                "php": ">=5.6"
            },
            "type": "library",
            "autoload": {
                "psr-4": {
                    "DuckDev\\Cache\\": "src"
                }
            },
            "notification-url": "https://packagist.org/downloads/",
            "license": [
                "GPL-2.0-or-later"
            ],
            "authors": [
                {
                    "name": "Joel James",
                    "email": "me@joelsays.com",
                    "homepage": "https://duckdev.com"
                }
            ],
            "description": "Helper class for the WordPress object cache and transients with group flush feature.",
            "keywords": [
                "cache",
                "object-cache",
                "transients",
                "wordpress"
            ],
            "support": {
                "issues": "https://github.com/duckdev/wp-cache-helper/issues/",
                "source": "https://github.com/duckdev/wp-cache-helper/tree/v1.0.0"
            },
            "time": "2021-08-08T19:49:49+00:00"
        },
        {
            "name": "duckdev/wp-review-notice",
            "version": "v1.0.3",
            "source": {
                "type": "git",
                "url": "https://github.com/duckdev/wp-review-notice.git",
                "reference": "8c256d9b71b86f3df4db56374cbdd9bd30abc2c1"
            },
            "dist": {
                "type": "zip",
                "url": "https://api.github.com/repos/duckdev/wp-review-notice/zipball/8c256d9b71b86f3df4db56374cbdd9bd30abc2c1",
                "reference": "8c256d9b71b86f3df4db56374cbdd9bd30abc2c1",
                "shasum": ""
            },
            "require": {
                "php": ">=5.6"
            },
            "type": "library",
            "autoload": {
                "psr-4": {
                    "DuckDev\\Reviews\\": "src"
                }
            },
            "notification-url": "https://packagist.org/downloads/",
            "license": [
                "GPL-2.0-or-later"
            ],
            "authors": [
                {
                    "name": "Joel James",
                    "email": "me@joelsays.com",
                    "homepage": "https://duckdev.com"
                }
            ],
            "description": "Simple library class to gently ask for a wp.org plugin review after a few days of plugin usage.",
            "keywords": [
                "notices",
                "reviews",
                "wordpress"
            ],
            "support": {
                "issues": "https://github.com/duckdev/wp-review-notice/issues/",
                "source": "https://github.com/duckdev/wp-review-notice/tree/v1.0.3"
            },
            "time": "2025-11-17T18:21:37+00:00"
        },
        {
            "name": "symfony/deprecation-contracts",
            "version": "v2.5.4",
            "source": {
                "type": "git",
                "url": "https://github.com/symfony/deprecation-contracts.git",
                "reference": "605389f2a7e5625f273b53960dc46aeaf9c62918"
            },
            "dist": {
                "type": "zip",
                "url": "https://api.github.com/repos/symfony/deprecation-contracts/zipball/605389f2a7e5625f273b53960dc46aeaf9c62918",
                "reference": "605389f2a7e5625f273b53960dc46aeaf9c62918",
                "shasum": ""
            },
            "require": {
                "php": ">=7.1"
            },
            "type": "library",
            "extra": {
                "thanks": {
                    "url": "https://github.com/symfony/contracts",
                    "name": "symfony/contracts"
                },
                "branch-alias": {
                    "dev-main": "2.5-dev"
                }
            },
            "autoload": {
                "files": [
                    "function.php"
                ]
            },
            "notification-url": "https://packagist.org/downloads/",
            "license": [
                "MIT"
            ],
            "authors": [
                {
                    "name": "Nicolas Grekas",
                    "email": "p@tchwork.com"
                },
                {
                    "name": "Symfony Community",
                    "homepage": "https://symfony.com/contributors"
                }
            ],
            "description": "A generic function and convention to trigger deprecation notices",
            "homepage": "https://symfony.com",
            "support": {
                "source": "https://github.com/symfony/deprecation-contracts/tree/v2.5.4"
            },
            "funding": [
                {
                    "url": "https://symfony.com/sponsor",
                    "type": "custom"
                },
                {
                    "url": "https://github.com/fabpot",
                    "type": "github"
                },
                {
                    "url": "https://tidelift.com/funding/github/packagist/symfony/symfony",
                    "type": "tidelift"
                }
            ],
            "time": "2024-09-25T14:11:13+00:00"
        },
        {
            "name": "symfony/http-foundation",
            "version": "v5.4.50",
            "source": {
                "type": "git",
                "url": "https://github.com/symfony/http-foundation.git",
                "reference": "1a0706e8b8041046052ea2695eb8aeee04f97609"
            },
            "dist": {
                "type": "zip",
                "url": "https://api.github.com/repos/symfony/http-foundation/zipball/1a0706e8b8041046052ea2695eb8aeee04f97609",
                "reference": "1a0706e8b8041046052ea2695eb8aeee04f97609",
                "shasum": ""
            },
            "require": {
                "php": ">=7.2.5",
                "symfony/deprecation-contracts": "^2.1|^3",
                "symfony/polyfill-mbstring": "~1.1",
                "symfony/polyfill-php80": "^1.16"
            },
            "require-dev": {
                "predis/predis": "^1.0|^2.0",
                "symfony/cache": "^4.4|^5.0|^6.0",
                "symfony/dependency-injection": "^5.4|^6.0",
                "symfony/expression-language": "^4.4|^5.0|^6.0",
                "symfony/http-kernel": "^5.4.12|^6.0.12|^6.1.4",
                "symfony/mime": "^4.4|^5.0|^6.0",
                "symfony/rate-limiter": "^5.2|^6.0"
            },
            "suggest": {
                "symfony/mime": "To use the file extension guesser"
            },
            "type": "library",
            "autoload": {
                "psr-4": {
                    "Symfony\\Component\\HttpFoundation\\": ""
                },
                "exclude-from-classmap": [
                    "/Tests/"
                ]
            },
            "notification-url": "https://packagist.org/downloads/",
            "license": [
                "MIT"
            ],
            "authors": [
                {
                    "name": "Fabien Potencier",
                    "email": "fabien@symfony.com"
                },
                {
                    "name": "Symfony Community",
                    "homepage": "https://symfony.com/contributors"
                }
            ],
            "description": "Defines an object-oriented layer for the HTTP specification",
            "homepage": "https://symfony.com",
            "support": {
                "source": "https://github.com/symfony/http-foundation/tree/v5.4.50"
            },
            "funding": [
                {
                    "url": "https://symfony.com/sponsor",
                    "type": "custom"
                },
                {
                    "url": "https://github.com/fabpot",
                    "type": "github"
                },
                {
                    "url": "https://github.com/nicolas-grekas",
                    "type": "github"
                },
                {
                    "url": "https://tidelift.com/funding/github/packagist/symfony/symfony",
                    "type": "tidelift"
                }
            ],
            "time": "2025-11-03T12:58:48+00:00"
        },
        {
            "name": "symfony/polyfill-mbstring",
            "version": "v1.33.0",
            "source": {
                "type": "git",
                "url": "https://github.com/symfony/polyfill-mbstring.git",
                "reference": "6d857f4d76bd4b343eac26d6b539585d2bc56493"
            },
            "dist": {
                "type": "zip",
                "url": "https://api.github.com/repos/symfony/polyfill-mbstring/zipball/6d857f4d76bd4b343eac26d6b539585d2bc56493",
                "reference": "6d857f4d76bd4b343eac26d6b539585d2bc56493",
                "shasum": ""
            },
            "require": {
                "ext-iconv": "*",
                "php": ">=7.2"
            },
            "provide": {
                "ext-mbstring": "*"
            },
            "suggest": {
                "ext-mbstring": "For best performance"
            },
            "type": "library",
            "extra": {
                "thanks": {
                    "url": "https://github.com/symfony/polyfill",
                    "name": "symfony/polyfill"
                }
            },
            "autoload": {
                "files": [
                    "bootstrap.php"
                ],
                "psr-4": {
                    "Symfony\\Polyfill\\Mbstring\\": ""
                }
            },
            "notification-url": "https://packagist.org/downloads/",
            "license": [
                "MIT"
            ],
            "authors": [
                {
                    "name": "Nicolas Grekas",
                    "email": "p@tchwork.com"
                },
                {
                    "name": "Symfony Community",
                    "homepage": "https://symfony.com/contributors"
                }
            ],
            "description": "Symfony polyfill for the Mbstring extension",
            "homepage": "https://symfony.com",
            "keywords": [
                "compatibility",
                "mbstring",
                "polyfill",
                "portable",
                "shim"
            ],
            "support": {
                "source": "https://github.com/symfony/polyfill-mbstring/tree/v1.33.0"
            },
            "funding": [
                {
                    "url": "https://symfony.com/sponsor",
                    "type": "custom"
                },
                {
                    "url": "https://github.com/fabpot",
                    "type": "github"
                },
                {
                    "url": "https://github.com/nicolas-grekas",
                    "type": "github"
                },
                {
                    "url": "https://tidelift.com/funding/github/packagist/symfony/symfony",
                    "type": "tidelift"
                }
            ],
            "time": "2024-12-23T08:48:59+00:00"
        },
        {
            "name": "symfony/polyfill-php80",
            "version": "v1.33.0",
            "source": {
                "type": "git",
                "url": "https://github.com/symfony/polyfill-php80.git",
                "reference": "0cc9dd0f17f61d8131e7df6b84bd344899fe2608"
            },
            "dist": {
                "type": "zip",
                "url": "https://api.github.com/repos/symfony/polyfill-php80/zipball/0cc9dd0f17f61d8131e7df6b84bd344899fe2608",
                "reference": "0cc9dd0f17f61d8131e7df6b84bd344899fe2608",
                "shasum": ""
            },
            "require": {
                "php": ">=7.2"
            },
            "type": "library",
            "extra": {
                "thanks": {
                    "url": "https://github.com/symfony/polyfill",
                    "name": "symfony/polyfill"
                }
            },
            "autoload": {
                "files": [
                    "bootstrap.php"
                ],
                "psr-4": {
                    "Symfony\\Polyfill\\Php80\\": ""
                },
                "classmap": [
                    "Resources/stubs"
                ]
            },
            "notification-url": "https://packagist.org/downloads/",
            "license": [
                "MIT"
            ],
            "authors": [
                {
                    "name": "Ion Bazan",
                    "email": "ion.bazan@gmail.com"
                },
                {
                    "name": "Nicolas Grekas",
                    "email": "p@tchwork.com"
                },
                {
                    "name": "Symfony Community",
                    "homepage": "https://symfony.com/contributors"
                }
            ],
            "description": "Symfony polyfill backporting some PHP 8.0+ features to lower PHP versions",
            "homepage": "https://symfony.com",
            "keywords": [
                "compatibility",
                "polyfill",
                "portable",
                "shim"
            ],
            "support": {
                "source": "https://github.com/symfony/polyfill-php80/tree/v1.33.0"
            },
            "funding": [
                {
                    "url": "https://symfony.com/sponsor",
                    "type": "custom"
                },
                {
                    "url": "https://github.com/fabpot",
                    "type": "github"
                },
                {
                    "url": "https://github.com/nicolas-grekas",
                    "type": "github"
                },
                {
                    "url": "https://tidelift.com/funding/github/packagist/symfony/symfony",
                    "type": "tidelift"
                }
            ],
            "time": "2025-01-02T08:10:11+00:00"
        }
    ],
    "packages-dev": [],
    "aliases": [],
    "minimum-stability": "stable",
    "stability-flags": [],
    "prefer-stable": false,
    "prefer-lowest": false,
    "platform": [],
    "platform-dev": [],
    "platform-overrides": {
        "php": "7.4"
    },
    "plugin-api-version": "2.2.0"
}
