{
    "_readme": [
        "This file locks the dependencies of your project to a known state",
        "Read more about it at https://getcomposer.org/doc/01-basic-usage.md#installing-dependencies",
        "This file is @generated automatically"
    ],
    "content-hash": "dbf5d246e269059066c7fd646126d1f7",
    "packages": [
        {
            "name": "berlindb/core",
            "version": "2.0.1",
            "source": {
                "type": "git",
                "url": "https://github.com/berlindb/core.git",
                "reference": "7dcddaddcffb69c58800d2fb3f6f169791cab1f7"
            },
            "dist": {
                "type": "zip",
                "url": "https://api.github.com/repos/berlindb/core/zipball/7dcddaddcffb69c58800d2fb3f6f169791cab1f7",
                "reference": "7dcddaddcffb69c58800d2fb3f6f169791cab1f7",
                "shasum": ""
            },
            "type": "library",
            "autoload": {
                "psr-4": {
                    "BerlinDB\\": "src/"
                }
            },
            "notification-url": "https://packagist.org/downloads/",
            "license": [
                "MIT"
            ],
            "description": "A collection of PHP classes and functions that aims to provide an ORM-like experience and interface to WordPress database tables.",
            "support": {
                "issues": "https://github.com/berlindb/core/issues",
                "source": "https://github.com/berlindb/core/tree/2.0.1"
            },
            "time": "2022-03-10T21:12:11+00:00"
        },
        {
            "name": "duckdev/wp-cache-helper",
            "version": "v1.0.0",
            "source": {
                "type": "git",
                "url": "https://github.com/duckdev/wp-cache-helper.git",
                "reference": "70093a4064924e8722b3702ae9c7224d54308340"
            },
            "dist": {
                "type": "zip",
                "url": "https://api.github.com/repos/duckdev/wp-cache-helper/zipball/70093a4064924e8722b3702ae9c7224d54308340",
                "reference": "70093a4064924e8722b3702ae9c7224d54308340",
                "shasum": ""
            },
            "require": {
                "php": ">=5.6"
            },
            "type": "library",
            "autoload": {
                "psr-4": {
                    "DuckDev\\Cache\\": "src"
                }
            },
            "notification-url": "https://packagist.org/downloads/",
            "license": [
                "GPL-2.0-or-later"
            ],
            "authors": [
                {
                    "name": "Joel James",
                    "email": "me@joelsays.com",
                    "homepage": "https://duckdev.com"
                }
            ],
            "description": "Helper class for the WordPress object cache and transients with group flush feature.",
            "keywords": [
                "cache",
                "object-cache",
                "transients",
                "wordpress"
            ],
            "support": {
                "issues": "https://github.com/duckdev/wp-cache-helper/issues/",
                "source": "https://github.com/duckdev/wp-cache-helper/tree/v1.0.0"
            },
            "time": "2021-08-08T19:49:49+00:00"
        },
        {
            "name": "duckdev/wp-review-notice",
            "version": "v1.0.2",
            "source": {
                "type": "git",
                "url": "https://github.com/duckdev/wp-review-notice.git",
                "reference": "569ef315f269abcabf9df2cf1afd60b2a56f3169"
            },
            "dist": {
                "type": "zip",
                "url": "https://api.github.com/repos/duckdev/wp-review-notice/zipball/569ef315f269abcabf9df2cf1afd60b2a56f3169",
                "reference": "569ef315f269abcabf9df2cf1afd60b2a56f3169",
                "shasum": ""
            },
            "require": {
                "php": ">=5.6"
            },
            "type": "library",
            "autoload": {
                "psr-4": {
                    "DuckDev\\Reviews\\": "src"
                }
            },
            "notification-url": "https://packagist.org/downloads/",
            "license": [
                "GPL-2.0-or-later"
            ],
            "authors": [
                {
                    "name": "Joel James",
                    "email": "me@joelsays.com",
                    "homepage": "https://duckdev.com"
                }
            ],
            "description": "Simple library class to gently ask for a wp.org plugin review after a few days of plugin usage.",
            "keywords": [
                "notices",
                "reviews",
                "wordpress"
            ],
            "support": {
                "issues": "https://github.com/duckdev/wp-review-notice/issues/",
                "source": "https://github.com/duckdev/wp-review-notice/tree/v1.0.2"
            },
            "time": "2022-01-29T06:59:27+00:00"
        }
    ],
    "packages-dev": [],
    "aliases": [],
    "minimum-stability": "stable",
    "stability-flags": [],
    "prefer-stable": false,
    "prefer-lowest": false,
    "platform": [],
    "platform-dev": [],
    "platform-overrides": {
        "php": "5.6.1"
    },
    "plugin-api-version": "2.2.0"
}
